
Microsoft Visual Studio Solution File, Format Version 12.00
# Visual Studio Version 17
VisualStudioVersion = 17.10.35122.118
MinimumVisualStudioVersion = 10.0.40219.1
Project("{FAE04EC0-301F-11D3-BF4B-00C04F79EFBC}") = "DbUpper", "DbUpper\DbUpper.csproj", "{A82B14A9-4EA1-4AE1-A25B-0095E00CF887}"
EndProject
Global
	GlobalSection(SolutionConfigurationPlatforms) = preSolution
		Debug|Any CPU = Debug|Any CPU
		Release|Any CPU = Release|Any CPU
	EndGlobalSection
	GlobalSection(ProjectConfigurationPlatforms) = postSolution
		{A82B14A9-4EA1-4AE1-A25B-0095E00CF887}.Debug|Any CPU.ActiveCfg = Debug|Any CPU
		{A82B14A9-4EA1-4AE1-A25B-0095E00CF887}.Debug|Any CPU.Build.0 = Debug|Any CPU
		{A82B14A9-4EA1-4AE1-A25B-0095E00CF887}.Release|Any CPU.ActiveCfg = Release|Any CPU
		{A82B14A9-4EA1-4AE1-A25B-0095E00CF887}.Release|Any CPU.Build.0 = Release|Any CPU
	EndGlobalSection
	GlobalSection(SolutionProperties) = preSolution
		HideSolutionNode = FALSE
	EndGlobalSection
	GlobalSection(ExtensibilityGlobals) = postSolution
		SolutionGuid = {B2FB4059-A449-4566-8C7E-6296E0634741}
	EndGlobalSection
EndGlobal
